// !$*UTF8*$!
{
	archiveVersion = 1;
	classes = {
	};
	objectVersion = 70;
	objects = {

/* Begin PBXBuildFile section */
		B70F827E2C254564001829BC /* VisualizerScene.sks in Resources */ = {isa = PBXBuildFile; fileRef = B70F827D2C254564001829BC /* VisualizerScene.sks */; };
		B70F82802C254B8C001829BC /* LibraryViewModel.swift in Sources */ = {isa = PBXBuildFile; fileRef = B70F827F2C254B8A001829BC /* LibraryViewModel.swift */; };
		B70F82822C254BAD001829BC /* AudioPlayerManager.swift in Sources */ = {isa = PBXBuildFile; fileRef = B70F82812C254BAA001829BC /* AudioPlayerManager.swift */; };
		B70F82842C254BC5001829BC /* MediaView.swift in Sources */ = {isa = PBXBuildFile; fileRef = B70F82832C254BC3001829BC /* MediaView.swift */; };
		B70F82862C254D4F001829BC /* NowPlayingView.swift in Sources */ = {isa = PBXBuildFile; fileRef = B70F82852C254D4D001829BC /* NowPlayingView.swift */; };
		B70F828E2C255E71001829BC /* FullScreenView.swift in Sources */ = {isa = PBXBuildFile; fileRef = B70F828D2C255E6F001829BC /* FullScreenView.swift */; };
		B70F82922C257532001829BC /* MediaLibraryView.swift in Sources */ = {isa = PBXBuildFile; fileRef = B70F82912C257530001829BC /* MediaLibraryView.swift */; };
		B70F82942C258065001829BC /* VisualizerScene.swift in Sources */ = {isa = PBXBuildFile; fileRef = B70F82932C258062001829BC /* VisualizerScene.swift */; };
		B70F82962C2580CE001829BC /* VisualizerView.swift in Sources */ = {isa = PBXBuildFile; fileRef = B70F82952C2580CC001829BC /* VisualizerView.swift */; };
		B73905572C205C48004ECD0B /* SettingsView.swift in Sources */ = {isa = PBXBuildFile; fileRef = B73905562C205C46004ECD0B /* SettingsView.swift */; };
		B76320392ACB5AE400A1319E /* RadioView.swift in Sources */ = {isa = PBXBuildFile; fileRef = B76320382ACB5AE400A1319E /* RadioView.swift */; };
		B777EA1F2C27EE2B00F5929B /* SparkScene.sks in Resources */ = {isa = PBXBuildFile; fileRef = B777EA1E2C27EE2B00F5929B /* SparkScene.sks */; };
		B777EA202C27EE2B00F5929B /* Assets.xcassets in Resources */ = {isa = PBXBuildFile; fileRef = B777EA1D2C27EE2B00F5929B /* Assets.xcassets */; };
		B777EA262C27F4BB00F5929B /* SnowScene.sks in Resources */ = {isa = PBXBuildFile; fileRef = B777EA252C27F4BB00F5929B /* SnowScene.sks */; };
		B777EA282C27F4CF00F5929B /* SmokeScene.sks in Resources */ = {isa = PBXBuildFile; fileRef = B777EA272C27F4CF00F5929B /* SmokeScene.sks */; };
		B777EA2A2C27F4E800F5929B /* RainScene.sks in Resources */ = {isa = PBXBuildFile; fileRef = B777EA292C27F4E800F5929B /* RainScene.sks */; };
		B777EA2C2C27F50100F5929B /* MagicScene.sks in Resources */ = {isa = PBXBuildFile; fileRef = B777EA2B2C27F50100F5929B /* MagicScene.sks */; };
		B777EA2E2C27F51900F5929B /* FirefliesScene.sks in Resources */ = {isa = PBXBuildFile; fileRef = B777EA2D2C27F51900F5929B /* FirefliesScene.sks */; };
		B777EA302C27F53300F5929B /* FireScene.sks in Resources */ = {isa = PBXBuildFile; fileRef = B777EA2F2C27F53200F5929B /* FireScene.sks */; };
		B777EA322C27F66F00F5929B /* SnowScene.swift in Sources */ = {isa = PBXBuildFile; fileRef = B777EA312C27F66D00F5929B /* SnowScene.swift */; };
		B777EA342C27F67A00F5929B /* SmokeScene.swift in Sources */ = {isa = PBXBuildFile; fileRef = B777EA332C27F67700F5929B /* SmokeScene.swift */; };
		B777EA362C27F68200F5929B /* RainScene.swift in Sources */ = {isa = PBXBuildFile; fileRef = B777EA352C27F68100F5929B /* RainScene.swift */; };
		B777EA382C27F68D00F5929B /* MagicScene.swift in Sources */ = {isa = PBXBuildFile; fileRef = B777EA372C27F68A00F5929B /* MagicScene.swift */; };
		B777EA3A2C27F69700F5929B /* FirefliesScene.swift in Sources */ = {isa = PBXBuildFile; fileRef = B777EA392C27F69500F5929B /* FirefliesScene.swift */; };
		B777EA3C2C27F6A500F5929B /* FireScene.swift in Sources */ = {isa = PBXBuildFile; fileRef = B777EA3B2C27F6A300F5929B /* FireScene.swift */; };
		B777EA3E2C27F71E00F5929B /* SparkScene.swift in Sources */ = {isa = PBXBuildFile; fileRef = B777EA3D2C27F71900F5929B /* SparkScene.swift */; };
		B7BE7FB42C218DF700ED989F /* RadioStations.swift in Sources */ = {isa = PBXBuildFile; fileRef = B7BE7FB32C218DF400ED989F /* RadioStations.swift */; };
		B7DA1BD62AB83FE300B54B7F /* RadioApp.swift in Sources */ = {isa = PBXBuildFile; fileRef = B7DA1BD52AB83FE200B54B7F /* RadioApp.swift */; };
		B7DA1BD82AB83FE300B54B7F /* ContentView.swift in Sources */ = {isa = PBXBuildFile; fileRef = B7DA1BD72AB83FE300B54B7F /* ContentView.swift */; };
		B7DA1BDA2AB83FF400B54B7F /* Assets.xcassets in Resources */ = {isa = PBXBuildFile; fileRef = B7DA1BD92AB83FF400B54B7F /* Assets.xcassets */; };
		B7DA1BDD2AB83FF400B54B7F /* Preview Assets.xcassets in Resources */ = {isa = PBXBuildFile; fileRef = B7DA1BDC2AB83FF400B54B7F /* Preview Assets.xcassets */; };
/* End PBXBuildFile section */

/* Begin PBXFileReference section */
		B70F827D2C254564001829BC /* VisualizerScene.sks */ = {isa = PBXFileReference; lastKnownFileType = file.sks; path = VisualizerScene.sks; sourceTree = "<group>"; };
		B70F827F2C254B8A001829BC /* LibraryViewModel.swift */ = {isa = PBXFileReference; lastKnownFileType = sourcecode.swift; path = LibraryViewModel.swift; sourceTree = "<group>"; };
		B70F82812C254BAA001829BC /* AudioPlayerManager.swift */ = {isa = PBXFileReference; lastKnownFileType = sourcecode.swift; path = AudioPlayerManager.swift; sourceTree = "<group>"; };
		B70F82832C254BC3001829BC /* MediaView.swift */ = {isa = PBXFileReference; lastKnownFileType = sourcecode.swift; path = MediaView.swift; sourceTree = "<group>"; };
		B70F82852C254D4D001829BC /* NowPlayingView.swift */ = {isa = PBXFileReference; lastKnownFileType = sourcecode.swift; path = NowPlayingView.swift; sourceTree = "<group>"; };
		B70F828D2C255E6F001829BC /* FullScreenView.swift */ = {isa = PBXFileReference; lastKnownFileType = sourcecode.swift; path = FullScreenView.swift; sourceTree = "<group>"; };
		B70F82912C257530001829BC /* MediaLibraryView.swift */ = {isa = PBXFileReference; lastKnownFileType = sourcecode.swift; path = MediaLibraryView.swift; sourceTree = "<group>"; };
		B70F82932C258062001829BC /* VisualizerScene.swift */ = {isa = PBXFileReference; lastKnownFileType = sourcecode.swift; path = VisualizerScene.swift; sourceTree = "<group>"; };
		B70F82952C2580CC001829BC /* VisualizerView.swift */ = {isa = PBXFileReference; lastKnownFileType = sourcecode.swift; path = VisualizerView.swift; sourceTree = "<group>"; };
		B73905562C205C46004ECD0B /* SettingsView.swift */ = {isa = PBXFileReference; lastKnownFileType = sourcecode.swift; path = SettingsView.swift; sourceTree = "<group>"; };
		B76320382ACB5AE400A1319E /* RadioView.swift */ = {isa = PBXFileReference; lastKnownFileType = sourcecode.swift; path = RadioView.swift; sourceTree = "<group>"; };
		B777EA1D2C27EE2B00F5929B /* Assets.xcassets */ = {isa = PBXFileReference; lastKnownFileType = folder.assetcatalog; name = Assets.xcassets; path = Visualizer/Assets.xcassets; sourceTree = "<group>"; };
		B777EA1E2C27EE2B00F5929B /* SparkScene.sks */ = {isa = PBXFileReference; lastKnownFileType = file.sks; path = SparkScene.sks; sourceTree = "<group>"; };
		B777EA252C27F4BB00F5929B /* SnowScene.sks */ = {isa = PBXFileReference; lastKnownFileType = file.sks; path = SnowScene.sks; sourceTree = "<group>"; };
		B777EA272C27F4CF00F5929B /* SmokeScene.sks */ = {isa = PBXFileReference; lastKnownFileType = file.sks; path = SmokeScene.sks; sourceTree = "<group>"; };
		B777EA292C27F4E800F5929B /* RainScene.sks */ = {isa = PBXFileReference; lastKnownFileType = file.sks; path = RainScene.sks; sourceTree = "<group>"; };
		B777EA2B2C27F50100F5929B /* MagicScene.sks */ = {isa = PBXFileReference; lastKnownFileType = file.sks; path = MagicScene.sks; sourceTree = "<group>"; };
		B777EA2D2C27F51900F5929B /* FirefliesScene.sks */ = {isa = PBXFileReference; lastKnownFileType = file.sks; path = FirefliesScene.sks; sourceTree = "<group>"; };
		B777EA2F2C27F53200F5929B /* FireScene.sks */ = {isa = PBXFileReference; lastKnownFileType = file.sks; path = FireScene.sks; sourceTree = "<group>"; };
		B777EA312C27F66D00F5929B /* SnowScene.swift */ = {isa = PBXFileReference; lastKnownFileType = sourcecode.swift; path = SnowScene.swift; sourceTree = "<group>"; };
		B777EA332C27F67700F5929B /* SmokeScene.swift */ = {isa = PBXFileReference; lastKnownFileType = sourcecode.swift; path = SmokeScene.swift; sourceTree = "<group>"; };
		B777EA352C27F68100F5929B /* RainScene.swift */ = {isa = PBXFileReference; lastKnownFileType = sourcecode.swift; path = RainScene.swift; sourceTree = "<group>"; };
		B777EA372C27F68A00F5929B /* MagicScene.swift */ = {isa = PBXFileReference; lastKnownFileType = sourcecode.swift; path = MagicScene.swift; sourceTree = "<group>"; };
		B777EA392C27F69500F5929B /* FirefliesScene.swift */ = {isa = PBXFileReference; lastKnownFileType = sourcecode.swift; path = FirefliesScene.swift; sourceTree = "<group>"; };
		B777EA3B2C27F6A300F5929B /* FireScene.swift */ = {isa = PBXFileReference; lastKnownFileType = sourcecode.swift; path = FireScene.swift; sourceTree = "<group>"; };
		B777EA3D2C27F71900F5929B /* SparkScene.swift */ = {isa = PBXFileReference; lastKnownFileType = sourcecode.swift; path = SparkScene.swift; sourceTree = "<group>"; };
		B7BE7FB32C218DF400ED989F /* RadioStations.swift */ = {isa = PBXFileReference; lastKnownFileType = sourcecode.swift; path = RadioStations.swift; sourceTree = "<group>"; };
		B7DA1BD22AB83FE200B54B7F /* Radio.app */ = {isa = PBXFileReference; explicitFileType = wrapper.application; includeInIndex = 0; path = Radio.app; sourceTree = BUILT_PRODUCTS_DIR; };
		B7DA1BD52AB83FE200B54B7F /* RadioApp.swift */ = {isa = PBXFileReference; lastKnownFileType = sourcecode.swift; path = RadioApp.swift; sourceTree = "<group>"; };
		B7DA1BD72AB83FE300B54B7F /* ContentView.swift */ = {isa = PBXFileReference; lastKnownFileType = sourcecode.swift; path = ContentView.swift; sourceTree = "<group>"; };
		B7DA1BD92AB83FF400B54B7F /* Assets.xcassets */ = {isa = PBXFileReference; lastKnownFileType = folder.assetcatalog; path = Assets.xcassets; sourceTree = "<group>"; };
		B7DA1BDC2AB83FF400B54B7F /* Preview Assets.xcassets */ = {isa = PBXFileReference; lastKnownFileType = folder.assetcatalog; path = "Preview Assets.xcassets"; sourceTree = "<group>"; };
		B7DA1BE32AB840B900B54B7F /* Info.plist */ = {isa = PBXFileReference; lastKnownFileType = text.plist; path = Info.plist; sourceTree = "<group>"; };
/* End PBXFileReference section */

/* Begin PBXFileSystemSynchronizedBuildFileExceptionSet section */
		B777EA3F2C27FC8000F5929B /* PBXFileSystemSynchronizedBuildFileExceptionSet */ = {
			isa = PBXFileSystemSynchronizedBuildFileExceptionSet;
			membershipExceptions = (
				Gradients.swift,
				SearchBar.swift,
			);
			target = B7DA1BD12AB83FE200B54B7F /* Radio */;
		};
/* End PBXFileSystemSynchronizedBuildFileExceptionSet section */

/* Begin PBXFileSystemSynchronizedRootGroup section */
		B7BE7FBB2C22CB1E00ED989F /* other */ = {isa = PBXFileSystemSynchronizedRootGroup; exceptions = (B777EA3F2C27FC8000F5929B /* PBXFileSystemSynchronizedBuildFileExceptionSet */, ); explicitFileTypes = {}; explicitFolders = (); path = other; sourceTree = "<group>"; };
/* End PBXFileSystemSynchronizedRootGroup section */

/* Begin PBXFrameworksBuildPhase section */
		B7DA1BCF2AB83FE200B54B7F /* Frameworks */ = {
			isa = PBXFrameworksBuildPhase;
			buildActionMask = 2147483647;
			files = (
			);
			runOnlyForDeploymentPostprocessing = 0;
		};
/* End PBXFrameworksBuildPhase section */

/* Begin PBXGroup section */
		B777EA1C2C27C66800F5929B /* Visualizer */ = {
			isa = PBXGroup;
			children = (
				B70F827D2C254564001829BC /* VisualizerScene.sks */,
				B777EA1E2C27EE2B00F5929B /* SparkScene.sks */,
				B777EA252C27F4BB00F5929B /* SnowScene.sks */,
				B777EA272C27F4CF00F5929B /* SmokeScene.sks */,
				B777EA292C27F4E800F5929B /* RainScene.sks */,
				B777EA2B2C27F50100F5929B /* MagicScene.sks */,
				B777EA2D2C27F51900F5929B /* FirefliesScene.sks */,
				B777EA2F2C27F53200F5929B /* FireScene.sks */,
				B70F82952C2580CC001829BC /* VisualizerView.swift */,
				B70F82932C258062001829BC /* VisualizerScene.swift */,
				B777EA3D2C27F71900F5929B /* SparkScene.swift */,
				B777EA312C27F66D00F5929B /* SnowScene.swift */,
				B777EA332C27F67700F5929B /* SmokeScene.swift */,
				B777EA352C27F68100F5929B /* RainScene.swift */,
				B777EA372C27F68A00F5929B /* MagicScene.swift */,
				B777EA392C27F69500F5929B /* FirefliesScene.swift */,
				B777EA3B2C27F6A300F5929B /* FireScene.swift */,
			);
			path = Visualizer;
			sourceTree = "<group>";
		};
		B7DA1BC92AB83FE200B54B7F = {
			isa = PBXGroup;
			children = (
				B7DA1BD42AB83FE200B54B7F /* Radio */,
				B7DA1BD32AB83FE200B54B7F /* Products */,
			);
			sourceTree = "<group>";
		};
		B7DA1BD32AB83FE200B54B7F /* Products */ = {
			isa = PBXGroup;
			children = (
				B7DA1BD22AB83FE200B54B7F /* Radio.app */,
			);
			name = Products;
			sourceTree = "<group>";
		};
		B7DA1BD42AB83FE200B54B7F /* Radio */ = {
			isa = PBXGroup;
			children = (
				B7DA1BE32AB840B900B54B7F /* Info.plist */,
				B7DA1BD52AB83FE200B54B7F /* RadioApp.swift */,
				B7DA1BD72AB83FE300B54B7F /* ContentView.swift */,
				B73905562C205C46004ECD0B /* SettingsView.swift */,
				B70F827F2C254B8A001829BC /* LibraryViewModel.swift */,
				B70F82812C254BAA001829BC /* AudioPlayerManager.swift */,
				B70F82832C254BC3001829BC /* MediaView.swift */,
				B70F82912C257530001829BC /* MediaLibraryView.swift */,
				B70F82852C254D4D001829BC /* NowPlayingView.swift */,
				B70F828D2C255E6F001829BC /* FullScreenView.swift */,
				B777EA1C2C27C66800F5929B /* Visualizer */,
				B777EA1D2C27EE2B00F5929B /* Assets.xcassets */,
				B7BE7FBB2C22CB1E00ED989F /* other */,
				B76320382ACB5AE400A1319E /* RadioView.swift */,
				B7BE7FB32C218DF400ED989F /* RadioStations.swift */,
				B7DA1BD92AB83FF400B54B7F /* Assets.xcassets */,
				B7DA1BDB2AB83FF400B54B7F /* Preview Content */,
			);
			path = Radio;
			sourceTree = "<group>";
		};
		B7DA1BDB2AB83FF400B54B7F /* Preview Content */ = {
			isa = PBXGroup;
			children = (
				B7DA1BDC2AB83FF400B54B7F /* Preview Assets.xcassets */,
			);
			path = "Preview Content";
			sourceTree = "<group>";
		};
/* End PBXGroup section */

/* Begin PBXNativeTarget section */
		B7DA1BD12AB83FE200B54B7F /* Radio */ = {
			isa = PBXNativeTarget;
			buildConfigurationList = B7DA1BE02AB83FF400B54B7F /* Build configuration list for PBXNativeTarget "Radio" */;
			buildPhases = (
				B7DA1BCE2AB83FE200B54B7F /* Sources */,
				B7DA1BCF2AB83FE200B54B7F /* Frameworks */,
				B7DA1BD02AB83FE200B54B7F /* Resources */,
			);
			buildRules = (
			);
			dependencies = (
			);
			name = Radio;
			productName = Radio;
			productReference = B7DA1BD22AB83FE200B54B7F /* Radio.app */;
			productType = "com.apple.product-type.application";
		};
/* End PBXNativeTarget section */

/* Begin PBXProject section */
		B7DA1BCA2AB83FE200B54B7F /* Project object */ = {
			isa = PBXProject;
			attributes = {
				BuildIndependentTargetsInParallel = 1;
				LastSwiftUpdateCheck = 1500;
				LastUpgradeCheck = 1500;
				TargetAttributes = {
					B7DA1BD12AB83FE200B54B7F = {
						CreatedOnToolsVersion = 15.0;
					};
				};
			};
			buildConfigurationList = B7DA1BCD2AB83FE200B54B7F /* Build configuration list for PBXProject "Radio" */;
			compatibilityVersion = "Xcode 14.0";
			developmentRegion = en;
			hasScannedForEncodings = 0;
			knownRegions = (
				en,
				Base,
			);
			mainGroup = B7DA1BC92AB83FE200B54B7F;
			productRefGroup = B7DA1BD32AB83FE200B54B7F /* Products */;
			projectDirPath = "";
			projectRoot = "";
			targets = (
				B7DA1BD12AB83FE200B54B7F /* Radio */,
			);
		};
/* End PBXProject section */

/* Begin PBXResourcesBuildPhase section */
		B7DA1BD02AB83FE200B54B7F /* Resources */ = {
			isa = PBXResourcesBuildPhase;
			buildActionMask = 2147483647;
			files = (
				B777EA302C27F53300F5929B /* FireScene.sks in Resources */,
				B777EA262C27F4BB00F5929B /* SnowScene.sks in Resources */,
				B777EA2A2C27F4E800F5929B /* RainScene.sks in Resources */,
				B7DA1BDD2AB83FF400B54B7F /* Preview Assets.xcassets in Resources */,
				B777EA282C27F4CF00F5929B /* SmokeScene.sks in Resources */,
				B70F827E2C254564001829BC /* VisualizerScene.sks in Resources */,
				B7DA1BDA2AB83FF400B54B7F /* Assets.xcassets in Resources */,
				B777EA1F2C27EE2B00F5929B /* SparkScene.sks in Resources */,
				B777EA2C2C27F50100F5929B /* MagicScene.sks in Resources */,
				B777EA202C27EE2B00F5929B /* Assets.xcassets in Resources */,
				B777EA2E2C27F51900F5929B /* FirefliesScene.sks in Resources */,
			);
			runOnlyForDeploymentPostprocessing = 0;
		};
/* End PBXResourcesBuildPhase section */

/* Begin PBXSourcesBuildPhase section */
		B7DA1BCE2AB83FE200B54B7F /* Sources */ = {
			isa = PBXSourcesBuildPhase;
			buildActionMask = 2147483647;
			files = (
				B777EA3E2C27F71E00F5929B /* SparkScene.swift in Sources */,
				B70F82942C258065001829BC /* VisualizerScene.swift in Sources */,
				B777EA3C2C27F6A500F5929B /* FireScene.swift in Sources */,
				B70F82802C254B8C001829BC /* LibraryViewModel.swift in Sources */,
				B73905572C205C48004ECD0B /* SettingsView.swift in Sources */,
				B777EA362C27F68200F5929B /* RainScene.swift in Sources */,
				B777EA342C27F67A00F5929B /* SmokeScene.swift in Sources */,
				B76320392ACB5AE400A1319E /* RadioView.swift in Sources */,
				B7DA1BD82AB83FE300B54B7F /* ContentView.swift in Sources */,
				B70F828E2C255E71001829BC /* FullScreenView.swift in Sources */,
				B70F82862C254D4F001829BC /* NowPlayingView.swift in Sources */,
				B70F82822C254BAD001829BC /* AudioPlayerManager.swift in Sources */,
				B7DA1BD62AB83FE300B54B7F /* RadioApp.swift in Sources */,
				B70F82962C2580CE001829BC /* VisualizerView.swift in Sources */,
				B70F82922C257532001829BC /* MediaLibraryView.swift in Sources */,
				B7BE7FB42C218DF700ED989F /* RadioStations.swift in Sources */,
				B70F82842C254BC5001829BC /* MediaView.swift in Sources */,
				B777EA382C27F68D00F5929B /* MagicScene.swift in Sources */,
				B777EA3A2C27F69700F5929B /* FirefliesScene.swift in Sources */,
				B777EA322C27F66F00F5929B /* SnowScene.swift in Sources */,
			);
			runOnlyForDeploymentPostprocessing = 0;
		};
/* End PBXSourcesBuildPhase section */

/* Begin XCBuildConfiguration section */
		B7DA1BDE2AB83FF400B54B7F /* Debug */ = {
			isa = XCBuildConfiguration;
			buildSettings = {
				ALWAYS_SEARCH_USER_PATHS = NO;
				ASSETCATALOG_COMPILER_GENERATE_SWIFT_ASSET_SYMBOL_EXTENSIONS = YES;
				CLANG_ANALYZER_NONNULL = YES;
				CLANG_ANALYZER_NUMBER_OBJECT_CONVERSION = YES_AGGRESSIVE;
				CLANG_CXX_LANGUAGE_STANDARD = "gnu++20";
				CLANG_ENABLE_MODULES = YES;
				CLANG_ENABLE_OBJC_ARC = YES;
				CLANG_ENABLE_OBJC_WEAK = YES;
				CLANG_WARN_BLOCK_CAPTURE_AUTORELEASING = YES;
				CLANG_WARN_BOOL_CONVERSION = YES;
				CLANG_WARN_COMMA = YES;
				CLANG_WARN_CONSTANT_CONVERSION = YES;
				CLANG_WARN_DEPRECATED_OBJC_IMPLEMENTATIONS = YES;
				CLANG_WARN_DIRECT_OBJC_ISA_USAGE = YES_ERROR;
				CLANG_WARN_DOCUMENTATION_COMMENTS = YES;
				CLANG_WARN_EMPTY_BODY = YES;
				CLANG_WARN_ENUM_CONVERSION = YES;
				CLANG_WARN_INFINITE_RECURSION = YES;
				CLANG_WARN_INT_CONVERSION = YES;
				CLANG_WARN_NON_LITERAL_NULL_CONVERSION = YES;
				CLANG_WARN_OBJC_IMPLICIT_RETAIN_SELF = YES;
				CLANG_WARN_OBJC_LITERAL_CONVERSION = YES;
				CLANG_WARN_OBJC_ROOT_CLASS = YES_ERROR;
				CLANG_WARN_QUOTED_INCLUDE_IN_FRAMEWORK_HEADER = YES;
				CLANG_WARN_RANGE_LOOP_ANALYSIS = YES;
				CLANG_WARN_STRICT_PROTOTYPES = YES;
				CLANG_WARN_SUSPICIOUS_MOVE = YES;
				CLANG_WARN_UNGUARDED_AVAILABILITY = YES_AGGRESSIVE;
				CLANG_WARN_UNREACHABLE_CODE = YES;
				CLANG_WARN__DUPLICATE_METHOD_MATCH = YES;
				COPY_PHASE_STRIP = NO;
				DEBUG_INFORMATION_FORMAT = dwarf;
				ENABLE_STRICT_OBJC_MSGSEND = YES;
				ENABLE_TESTABILITY = YES;
				ENABLE_USER_SCRIPT_SANDBOXING = YES;
				GCC_C_LANGUAGE_STANDARD = gnu17;
				GCC_DYNAMIC_NO_PIC = NO;
				GCC_NO_COMMON_BLOCKS = YES;
				GCC_OPTIMIZATION_LEVEL = 0;
				GCC_PREPROCESSOR_DEFINITIONS = (
					"DEBUG=1",
					"$(inherited)",
				);
				GCC_WARN_64_TO_32_BIT_CONVERSION = YES;
				GCC_WARN_ABOUT_RETURN_TYPE = YES_ERROR;
				GCC_WARN_UNDECLARED_SELECTOR = YES;
				GCC_WARN_UNINITIALIZED_AUTOS = YES_AGGRESSIVE;
				GCC_WARN_UNUSED_FUNCTION = YES;
				GCC_WARN_UNUSED_VARIABLE = YES;
				IPHONEOS_DEPLOYMENT_TARGET = 17.0;
				LOCALIZATION_PREFERS_STRING_CATALOGS = YES;
				MTL_ENABLE_DEBUG_INFO = INCLUDE_SOURCE;
				MTL_FAST_MATH = YES;
				ONLY_ACTIVE_ARCH = YES;
				SDKROOT = iphoneos;
				SWIFT_ACTIVE_COMPILATION_CONDITIONS = "DEBUG $(inherited)";
				SWIFT_OPTIMIZATION_LEVEL = "-Onone";
			};
			name = Debug;
		};
		B7DA1BDF2AB83FF400B54B7F /* Release */ = {
			isa = XCBuildConfiguration;
			buildSettings = {
				ALWAYS_SEARCH_USER_PATHS = NO;
				ASSETCATALOG_COMPILER_GENERATE_SWIFT_ASSET_SYMBOL_EXTENSIONS = YES;
				CLANG_ANALYZER_NONNULL = YES;
				CLANG_ANALYZER_NUMBER_OBJECT_CONVERSION = YES_AGGRESSIVE;
				CLANG_CXX_LANGUAGE_STANDARD = "gnu++20";
				CLANG_ENABLE_MODULES = YES;
				CLANG_ENABLE_OBJC_ARC = YES;
				CLANG_ENABLE_OBJC_WEAK = YES;
				CLANG_WARN_BLOCK_CAPTURE_AUTORELEASING = YES;
				CLANG_WARN_BOOL_CONVERSION = YES;
				CLANG_WARN_COMMA = YES;
				CLANG_WARN_CONSTANT_CONVERSION = YES;
				CLANG_WARN_DEPRECATED_OBJC_IMPLEMENTATIONS = YES;
				CLANG_WARN_DIRECT_OBJC_ISA_USAGE = YES_ERROR;
				CLANG_WARN_DOCUMENTATION_COMMENTS = YES;
				CLANG_WARN_EMPTY_BODY = YES;
				CLANG_WARN_ENUM_CONVERSION = YES;
				CLANG_WARN_INFINITE_RECURSION = YES;
				CLANG_WARN_INT_CONVERSION = YES;
				CLANG_WARN_NON_LITERAL_NULL_CONVERSION = YES;
				CLANG_WARN_OBJC_IMPLICIT_RETAIN_SELF = YES;
				CLANG_WARN_OBJC_LITERAL_CONVERSION = YES;
				CLANG_WARN_OBJC_ROOT_CLASS = YES_ERROR;
				CLANG_WARN_QUOTED_INCLUDE_IN_FRAMEWORK_HEADER = YES;
				CLANG_WARN_RANGE_LOOP_ANALYSIS = YES;
				CLANG_WARN_STRICT_PROTOTYPES = YES;
				CLANG_WARN_SUSPICIOUS_MOVE = YES;
				CLANG_WARN_UNGUARDED_AVAILABILITY = YES_AGGRESSIVE;
				CLANG_WARN_UNREACHABLE_CODE = YES;
				CLANG_WARN__DUPLICATE_METHOD_MATCH = YES;
				COPY_PHASE_STRIP = NO;
				DEBUG_INFORMATION_FORMAT = "dwarf-with-dsym";
				ENABLE_NS_ASSERTIONS = NO;
				ENABLE_STRICT_OBJC_MSGSEND = YES;
				ENABLE_USER_SCRIPT_SANDBOXING = YES;
				GCC_C_LANGUAGE_STANDARD = gnu17;
				GCC_NO_COMMON_BLOCKS = YES;
				GCC_WARN_64_TO_32_BIT_CONVERSION = YES;
				GCC_WARN_ABOUT_RETURN_TYPE = YES_ERROR;
				GCC_WARN_UNDECLARED_SELECTOR = YES;
				GCC_WARN_UNINITIALIZED_AUTOS = YES_AGGRESSIVE;
				GCC_WARN_UNUSED_FUNCTION = YES;
				GCC_WARN_UNUSED_VARIABLE = YES;
				IPHONEOS_DEPLOYMENT_TARGET = 17.0;
				LOCALIZATION_PREFERS_STRING_CATALOGS = YES;
				MTL_ENABLE_DEBUG_INFO = NO;
				MTL_FAST_MATH = YES;
				SDKROOT = iphoneos;
				SWIFT_COMPILATION_MODE = wholemodule;
				VALIDATE_PRODUCT = YES;
			};
			name = Release;
		};
		B7DA1BE12AB83FF400B54B7F /* Debug */ = {
			isa = XCBuildConfiguration;
			buildSettings = {
				ASSETCATALOG_COMPILER_APPICON_NAME = AppIcon;
				ASSETCATALOG_COMPILER_GLOBAL_ACCENT_COLOR_NAME = AccentColor;
				CODE_SIGN_STYLE = Automatic;
				CURRENT_PROJECT_VERSION = 1;
				DEVELOPMENT_ASSET_PATHS = "\"Radio/Preview Content\"";
				DEVELOPMENT_TEAM = 3G46N5JLN2;
				ENABLE_PREVIEWS = YES;
				GENERATE_INFOPLIST_FILE = YES;
				INFOPLIST_FILE = Radio/Info.plist;
				INFOPLIST_KEY_NSAppleMusicUsageDescription = "We need access to your music library";
				INFOPLIST_KEY_NSMicrophoneUsageDescription = "Access to microphone?";
				INFOPLIST_KEY_NSPhotoLibraryUsageDescription = "We need access to your photo library for photos";
				INFOPLIST_KEY_UIApplicationSceneManifest_Generation = YES;
				INFOPLIST_KEY_UIApplicationSupportsIndirectInputEvents = YES;
				INFOPLIST_KEY_UILaunchScreen_Generation = YES;
				INFOPLIST_KEY_UISupportedInterfaceOrientations_iPad = "UIInterfaceOrientationPortrait UIInterfaceOrientationPortraitUpsideDown UIInterfaceOrientationLandscapeLeft UIInterfaceOrientationLandscapeRight";
				INFOPLIST_KEY_UISupportedInterfaceOrientations_iPhone = "UIInterfaceOrientationPortrait UIInterfaceOrientationLandscapeLeft UIInterfaceOrientationLandscapeRight";
				IPHONEOS_DEPLOYMENT_TARGET = 16.0;
				LD_RUNPATH_SEARCH_PATHS = (
					"$(inherited)",
					"@executable_path/Frameworks",
				);
				MARKETING_VERSION = 1.0;
				PRODUCT_BUNDLE_IDENTIFIER = com.bitdegree.Radio;
				PRODUCT_NAME = "$(TARGET_NAME)";
				SWIFT_EMIT_LOC_STRINGS = YES;
				SWIFT_VERSION = 5.0;
				TARGETED_DEVICE_FAMILY = "1,2";
			};
			name = Debug;
		};
		B7DA1BE22AB83FF400B54B7F /* Release */ = {
			isa = XCBuildConfiguration;
			buildSettings = {
				ASSETCATALOG_COMPILER_APPICON_NAME = AppIcon;
				ASSETCATALOG_COMPILER_GLOBAL_ACCENT_COLOR_NAME = AccentColor;
				CODE_SIGN_STYLE = Automatic;
				CURRENT_PROJECT_VERSION = 1;
				DEVELOPMENT_ASSET_PATHS = "\"Radio/Preview Content\"";
				DEVELOPMENT_TEAM = 3G46N5JLN2;
				ENABLE_PREVIEWS = YES;
				GENERATE_INFOPLIST_FILE = YES;
				INFOPLIST_FILE = Radio/Info.plist;
				INFOPLIST_KEY_NSAppleMusicUsageDescription = "We need access to your music library";
				INFOPLIST_KEY_NSMicrophoneUsageDescription = "Access to microphone?";
				INFOPLIST_KEY_NSPhotoLibraryUsageDescription = "We need access to your photo library for photos";
				INFOPLIST_KEY_UIApplicationSceneManifest_Generation = YES;
				INFOPLIST_KEY_UIApplicationSupportsIndirectInputEvents = YES;
				INFOPLIST_KEY_UILaunchScreen_Generation = YES;
				INFOPLIST_KEY_UISupportedInterfaceOrientations_iPad = "UIInterfaceOrientationPortrait UIInterfaceOrientationPortraitUpsideDown UIInterfaceOrientationLandscapeLeft UIInterfaceOrientationLandscapeRight";
				INFOPLIST_KEY_UISupportedInterfaceOrientations_iPhone = "UIInterfaceOrientationPortrait UIInterfaceOrientationLandscapeLeft UIInterfaceOrientationLandscapeRight";
				IPHONEOS_DEPLOYMENT_TARGET = 16.0;
				LD_RUNPATH_SEARCH_PATHS = (
					"$(inherited)",
					"@executable_path/Frameworks",
				);
				MARKETING_VERSION = 1.0;
				PRODUCT_BUNDLE_IDENTIFIER = com.bitdegree.Radio;
				PRODUCT_NAME = "$(TARGET_NAME)";
				SWIFT_EMIT_LOC_STRINGS = YES;
				SWIFT_VERSION = 5.0;
				TARGETED_DEVICE_FAMILY = "1,2";
			};
			name = Release;
		};
/* End XCBuildConfiguration section */

/* Begin XCConfigurationList section */
		B7DA1BCD2AB83FE200B54B7F /* Build configuration list for PBXProject "Radio" */ = {
			isa = XCConfigurationList;
			buildConfigurations = (
				B7DA1BDE2AB83FF400B54B7F /* Debug */,
				B7DA1BDF2AB83FF400B54B7F /* Release */,
			);
			defaultConfigurationIsVisible = 0;
			defaultConfigurationName = Release;
		};
		B7DA1BE02AB83FF400B54B7F /* Build configuration list for PBXNativeTarget "Radio" */ = {
			isa = XCConfigurationList;
			buildConfigurations = (
				B7DA1BE12AB83FF400B54B7F /* Debug */,
				B7DA1BE22AB83FF400B54B7F /* Release */,
			);
			defaultConfigurationIsVisible = 0;
			defaultConfigurationName = Release;
		};
/* End XCConfigurationList section */
	};
	rootObject = B7DA1BCA2AB83FE200B54B7F /* Project object */;
}
